
Microsoft Visual Studio Solution File, Format Version 12.00
# Visual Studio Version 17
VisualStudioVersion = 17.3.32922.545
MinimumVisualStudioVersion = 10.0.40219.1
Project("{9A19103F-16F7-4668-BE54-9A1E7A4F7556}") = "SurweyAPI", "SurweyAPI\SurweyAPI.csproj", "{F7553AB5-1C09-4A9A-AD63-A2C7F684F314}"
EndProject
Project("{9A19103F-16F7-4668-BE54-9A1E7A4F7556}") = "DataAccess", "SurweyAndList\DataAccess.csproj", "{38D1C611-7131-4E34-AF62-13985EE39E66}"
EndProject
Project("{9A19103F-16F7-4668-BE54-9A1E7A4F7556}") = "SurweyAndLists", "SurweyAndLists\SurweyAndLists.csproj", "{128C25EF-033D-49F8-B1E2-DEA0020DDBCE}"
EndProject
Project("{FAE04EC0-301F-11D3-BF4B-00C04F79EFBC}") = "Business", "Business\Business.csproj", "{0023DB6A-64FF-4D3B-A701-15262C60547D}"
	ProjectSection(ProjectDependencies) = postProject
		{38D1C611-7131-4E34-AF62-13985EE39E66} = {38D1C611-7131-4E34-AF62-13985EE39E66}
	EndProjectSection
EndProject
Global
	GlobalSection(SolutionConfigurationPlatforms) = preSolution
		Debug|Any CPU = Debug|Any CPU
		Release|Any CPU = Release|Any CPU
	EndGlobalSection
	GlobalSection(ProjectConfigurationPlatforms) = postSolution
		{F7553AB5-1C09-4A9A-AD63-A2C7F684F314}.Debug|Any CPU.ActiveCfg = Debug|Any CPU
		{F7553AB5-1C09-4A9A-AD63-A2C7F684F314}.Debug|Any CPU.Build.0 = Debug|Any CPU
		{F7553AB5-1C09-4A9A-AD63-A2C7F684F314}.Release|Any CPU.ActiveCfg = Release|Any CPU
		{F7553AB5-1C09-4A9A-AD63-A2C7F684F314}.Release|Any CPU.Build.0 = Release|Any CPU
		{38D1C611-7131-4E34-AF62-13985EE39E66}.Debug|Any CPU.ActiveCfg = Debug|Any CPU
		{38D1C611-7131-4E34-AF62-13985EE39E66}.Debug|Any CPU.Build.0 = Debug|Any CPU
		{38D1C611-7131-4E34-AF62-13985EE39E66}.Release|Any CPU.ActiveCfg = Release|Any CPU
		{38D1C611-7131-4E34-AF62-13985EE39E66}.Release|Any CPU.Build.0 = Release|Any CPU
		{128C25EF-033D-49F8-B1E2-DEA0020DDBCE}.Debug|Any CPU.ActiveCfg = Debug|Any CPU
		{128C25EF-033D-49F8-B1E2-DEA0020DDBCE}.Debug|Any CPU.Build.0 = Debug|Any CPU
		{128C25EF-033D-49F8-B1E2-DEA0020DDBCE}.Release|Any CPU.ActiveCfg = Release|Any CPU
		{128C25EF-033D-49F8-B1E2-DEA0020DDBCE}.Release|Any CPU.Build.0 = Release|Any CPU
		{0023DB6A-64FF-4D3B-A701-15262C60547D}.Debug|Any CPU.ActiveCfg = Debug|Any CPU
		{0023DB6A-64FF-4D3B-A701-15262C60547D}.Debug|Any CPU.Build.0 = Debug|Any CPU
		{0023DB6A-64FF-4D3B-A701-15262C60547D}.Release|Any CPU.ActiveCfg = Release|Any CPU
		{0023DB6A-64FF-4D3B-A701-15262C60547D}.Release|Any CPU.Build.0 = Release|Any CPU
	EndGlobalSection
	GlobalSection(SolutionProperties) = preSolution
		HideSolutionNode = FALSE
	EndGlobalSection
	GlobalSection(ExtensibilityGlobals) = postSolution
		SolutionGuid = {15C334A2-AD29-4975-ADE7-15EE3EDC88EF}
	EndGlobalSection
EndGlobal
